
Microsoft Visual Studio Solution File, Format Version 12.00
# Visual Studio Version 16
VisualStudioVersion = 16.0.30523.141
MinimumVisualStudioVersion = 10.0.40219.1
Project("{9A19103F-16F7-4668-BE54-9A1E7A4F7556}") = "DL", "TPR_Zadanie_Biblioteka\DL.csproj", "{43219C04-46EF-49D9-A692-C16B2F9A475E}"
EndProject
Project("{9A19103F-16F7-4668-BE54-9A1E7A4F7556}") = "DataLayerTest", "DataLayerTest\DataLayerTest.csproj", "{13ACBEC5-F582-438B-89A7-9C644A735E7D}"
EndProject
Project("{2150E333-8FDC-42A3-9474-1A3956D46DE8}") = "Solution Items", "Solution Items", "{C59F6192-947C-427D-BCA2-FB24FEEA8317}"
	ProjectSection(SolutionItems) = preProject
		README.md = README.md
	EndProjectSection
EndProject
Project("{9A19103F-16F7-4668-BE54-9A1E7A4F7556}") = "BLL", "BLL\BLL.csproj", "{CC38D351-5587-4A9E-B342-A9EF97A2D4BE}"
EndProject
Project("{FAE04EC0-301F-11D3-BF4B-00C04F79EFBC}") = "BusinessLogicTest", "BusinessLogicTest\BusinessLogicTest.csproj", "{51D115E7-0757-418D-A8F4-E47A60C8A223}"
EndProject
Global
	GlobalSection(SolutionConfigurationPlatforms) = preSolution
		Debug|Any CPU = Debug|Any CPU
		Release|Any CPU = Release|Any CPU
	EndGlobalSection
	GlobalSection(ProjectConfigurationPlatforms) = postSolution
		{43219C04-46EF-49D9-A692-C16B2F9A475E}.Debug|Any CPU.ActiveCfg = Debug|Any CPU
		{43219C04-46EF-49D9-A692-C16B2F9A475E}.Debug|Any CPU.Build.0 = Debug|Any CPU
		{43219C04-46EF-49D9-A692-C16B2F9A475E}.Release|Any CPU.ActiveCfg = Release|Any CPU
		{43219C04-46EF-49D9-A692-C16B2F9A475E}.Release|Any CPU.Build.0 = Release|Any CPU
		{13ACBEC5-F582-438B-89A7-9C644A735E7D}.Debug|Any CPU.ActiveCfg = Debug|Any CPU
		{13ACBEC5-F582-438B-89A7-9C644A735E7D}.Debug|Any CPU.Build.0 = Debug|Any CPU
		{13ACBEC5-F582-438B-89A7-9C644A735E7D}.Release|Any CPU.ActiveCfg = Release|Any CPU
		{13ACBEC5-F582-438B-89A7-9C644A735E7D}.Release|Any CPU.Build.0 = Release|Any CPU
		{CC38D351-5587-4A9E-B342-A9EF97A2D4BE}.Debug|Any CPU.ActiveCfg = Debug|Any CPU
		{CC38D351-5587-4A9E-B342-A9EF97A2D4BE}.Debug|Any CPU.Build.0 = Debug|Any CPU
		{CC38D351-5587-4A9E-B342-A9EF97A2D4BE}.Release|Any CPU.ActiveCfg = Release|Any CPU
		{CC38D351-5587-4A9E-B342-A9EF97A2D4BE}.Release|Any CPU.Build.0 = Release|Any CPU
		{51D115E7-0757-418D-A8F4-E47A60C8A223}.Debug|Any CPU.ActiveCfg = Debug|Any CPU
		{51D115E7-0757-418D-A8F4-E47A60C8A223}.Debug|Any CPU.Build.0 = Debug|Any CPU
		{51D115E7-0757-418D-A8F4-E47A60C8A223}.Release|Any CPU.ActiveCfg = Release|Any CPU
		{51D115E7-0757-418D-A8F4-E47A60C8A223}.Release|Any CPU.Build.0 = Release|Any CPU
	EndGlobalSection
	GlobalSection(SolutionProperties) = preSolution
		HideSolutionNode = FALSE
	EndGlobalSection
	GlobalSection(ExtensibilityGlobals) = postSolution
		SolutionGuid = {CEA7AEE0-9862-4B9F-BAB5-E4471C9DEE46}
	EndGlobalSection
EndGlobal
